
Microsoft Visual Studio Solution File, Format Version 12.00
# Visual Studio Version 17
VisualStudioVersion = 17.2.32630.192
MinimumVisualStudioVersion = 10.0.40219.1
Project("{9A19103F-16F7-4668-BE54-9A1E7A4F7556}") = "CarRacersEF", "CarRacersEF\CarRacersEF.csproj", "{490BC690-91A1-4CF2-9470-5FA9519379AD}"
EndProject
Global
	GlobalSection(SolutionConfigurationPlatforms) = preSolution
		Debug|Any CPU = Debug|Any CPU
		Release|Any CPU = Release|Any CPU
	EndGlobalSection
	GlobalSection(ProjectConfigurationPlatforms) = postSolution
		{490BC690-91A1-4CF2-9470-5FA9519379AD}.Debug|Any CPU.ActiveCfg = Debug|Any CPU
		{490BC690-91A1-4CF2-9470-5FA9519379AD}.Debug|Any CPU.Build.0 = Debug|Any CPU
		{490BC690-91A1-4CF2-9470-5FA9519379AD}.Release|Any CPU.ActiveCfg = Release|Any CPU
		{490BC690-91A1-4CF2-9470-5FA9519379AD}.Release|Any CPU.Build.0 = Release|Any CPU
	EndGlobalSection
	GlobalSection(SolutionProperties) = preSolution
		HideSolutionNode = FALSE
	EndGlobalSection
	GlobalSection(ExtensibilityGlobals) = postSolution
		SolutionGuid = {ABFE86DC-9239-4B67-B138-840DCB15333A}
	EndGlobalSection
EndGlobal
